
Microsoft Visual Studio Solution File, Format Version 12.00
# Visual Studio Version 17
VisualStudioVersion = 17.12.35527.113 d17.12
MinimumVisualStudioVersion = 10.0.40219.1
Project("{FAE04EC0-301F-11D3-BF4B-00C04F79EFBC}") = "Billing_App.Server", "Billing_App.Server\Billing_App.Server.csproj", "{33FFCFF6-B152-4FE4-BB54-B8308885E36F}"
EndProject
Project("{54A90642-561A-4BB1-A94E-469ADEE60C69}") = "billing_app.client", "billing_app.client\billing_app.client.esproj", "{DCAE9410-6F29-4812-A4CB-E50ACBECA424}"
EndProject
Global
	GlobalSection(SolutionConfigurationPlatforms) = preSolution
		Debug|Any CPU = Debug|Any CPU
		Release|Any CPU = Release|Any CPU
	EndGlobalSection
	GlobalSection(ProjectConfigurationPlatforms) = postSolution
		{33FFCFF6-B152-4FE4-BB54-B8308885E36F}.Debug|Any CPU.ActiveCfg = Debug|Any CPU
		{33FFCFF6-B152-4FE4-BB54-B8308885E36F}.Debug|Any CPU.Build.0 = Debug|Any CPU
		{33FFCFF6-B152-4FE4-BB54-B8308885E36F}.Release|Any CPU.ActiveCfg = Release|Any CPU
		{33FFCFF6-B152-4FE4-BB54-B8308885E36F}.Release|Any CPU.Build.0 = Release|Any CPU
		{DCAE9410-6F29-4812-A4CB-E50ACBECA424}.Debug|Any CPU.ActiveCfg = Debug|Any CPU
		{DCAE9410-6F29-4812-A4CB-E50ACBECA424}.Debug|Any CPU.Build.0 = Debug|Any CPU
		{DCAE9410-6F29-4812-A4CB-E50ACBECA424}.Debug|Any CPU.Deploy.0 = Debug|Any CPU
		{DCAE9410-6F29-4812-A4CB-E50ACBECA424}.Release|Any CPU.ActiveCfg = Release|Any CPU
		{DCAE9410-6F29-4812-A4CB-E50ACBECA424}.Release|Any CPU.Build.0 = Release|Any CPU
		{DCAE9410-6F29-4812-A4CB-E50ACBECA424}.Release|Any CPU.Deploy.0 = Release|Any CPU
	EndGlobalSection
	GlobalSection(SolutionProperties) = preSolution
		HideSolutionNode = FALSE
	EndGlobalSection
EndGlobal
